
Microsoft Visual Studio Solution File, Format Version 12.00
# Visual Studio 15
VisualStudioVersion = 15.0.28010.2036
MinimumVisualStudioVersion = 10.0.40219.1
Project("{FAE04EC0-301F-11D3-BF4B-00C04F79EFBC}") = "11.Fiap.Web.MVC", "11.Fiap.Web.MVC\11.Fiap.Web.MVC.csproj", "{C7EC86B0-A7EA-413A-B2C2-F8B003A86F8F}"
EndProject
Global
	GlobalSection(SolutionConfigurationPlatforms) = preSolution
		Debug|Any CPU = Debug|Any CPU
		Release|Any CPU = Release|Any CPU
	EndGlobalSection
	GlobalSection(ProjectConfigurationPlatforms) = postSolution
		{C7EC86B0-A7EA-413A-B2C2-F8B003A86F8F}.Debug|Any CPU.ActiveCfg = Debug|Any CPU
		{C7EC86B0-A7EA-413A-B2C2-F8B003A86F8F}.Debug|Any CPU.Build.0 = Debug|Any CPU
		{C7EC86B0-A7EA-413A-B2C2-F8B003A86F8F}.Release|Any CPU.ActiveCfg = Release|Any CPU
		{C7EC86B0-A7EA-413A-B2C2-F8B003A86F8F}.Release|Any CPU.Build.0 = Release|Any CPU
	EndGlobalSection
	GlobalSection(SolutionProperties) = preSolution
		HideSolutionNode = FALSE
	EndGlobalSection
	GlobalSection(ExtensibilityGlobals) = postSolution
		SolutionGuid = {35B0FB56-1AEC-4ECB-988C-032BBE160661}
	EndGlobalSection
EndGlobal
