
Microsoft Visual Studio Solution File, Format Version 12.00
# Visual Studio 15
VisualStudioVersion = 15.0.27703.2035
MinimumVisualStudioVersion = 10.0.40219.1
Project("{FAE04EC0-301F-11D3-BF4B-00C04F79EFBC}") = "04.Fiap.Web.MVC", "04.Fiap.Web.MVC\04.Fiap.Web.MVC.csproj", "{C55018A0-9868-47B7-8FAA-D48D8D3AB680}"
EndProject
Global
	GlobalSection(SolutionConfigurationPlatforms) = preSolution
		Debug|Any CPU = Debug|Any CPU
		Release|Any CPU = Release|Any CPU
	EndGlobalSection
	GlobalSection(ProjectConfigurationPlatforms) = postSolution
		{C55018A0-9868-47B7-8FAA-D48D8D3AB680}.Debug|Any CPU.ActiveCfg = Debug|Any CPU
		{C55018A0-9868-47B7-8FAA-D48D8D3AB680}.Debug|Any CPU.Build.0 = Debug|Any CPU
		{C55018A0-9868-47B7-8FAA-D48D8D3AB680}.Release|Any CPU.ActiveCfg = Release|Any CPU
		{C55018A0-9868-47B7-8FAA-D48D8D3AB680}.Release|Any CPU.Build.0 = Release|Any CPU
	EndGlobalSection
	GlobalSection(SolutionProperties) = preSolution
		HideSolutionNode = FALSE
	EndGlobalSection
	GlobalSection(ExtensibilityGlobals) = postSolution
		SolutionGuid = {A0C109F7-6A4F-46D6-843C-E22E4146011E}
	EndGlobalSection
EndGlobal
